
Microsoft Visual Studio Solution File, Format Version 12.00
# Visual Studio Version 17
VisualStudioVersion = 17.0.31903.59
MinimumVisualStudioVersion = 10.0.40219.1
Project("{2150E333-8FDC-42A3-9474-1A3956D46DE8}") = "src", "src", "{48717B53-8F4D-4DAE-9647-C6029DAA0007}"
EndProject
Project("{FAE04EC0-301F-11D3-BF4B-00C04F79EFBC}") = "AuctionService", "src\AuctionService\AuctionService.csproj", "{8EDED72F-A38A-4D7D-80CB-E2800B3DACAD}"
EndProject
Project("{FAE04EC0-301F-11D3-BF4B-00C04F79EFBC}") = "SearchService", "src\SearchService\SearchService.csproj", "{41949C35-A21B-4581-A600-3A0EAE2218C1}"
EndProject
Project("{FAE04EC0-301F-11D3-BF4B-00C04F79EFBC}") = "Contracts", "src\Contracts\Contracts.csproj", "{8D99CA08-8031-4004-AEB0-2D0111E8E0D5}"
EndProject
Project("{FAE04EC0-301F-11D3-BF4B-00C04F79EFBC}") = "IdentityService", "src\IdentityService\IdentityService.csproj", "{4DC26D33-B65C-465F-8132-2874DC3FB45B}"
EndProject
Project("{FAE04EC0-301F-11D3-BF4B-00C04F79EFBC}") = "GatewayService", "src\GatewayService\GatewayService.csproj", "{D275C001-3748-40CF-8493-414DE238A14F}"
EndProject
Global
	GlobalSection(SolutionConfigurationPlatforms) = preSolution
		Debug|Any CPU = Debug|Any CPU
		Release|Any CPU = Release|Any CPU
	EndGlobalSection
	GlobalSection(SolutionProperties) = preSolution
		HideSolutionNode = FALSE
	EndGlobalSection
	GlobalSection(ProjectConfigurationPlatforms) = postSolution
		{8EDED72F-A38A-4D7D-80CB-E2800B3DACAD}.Debug|Any CPU.ActiveCfg = Debug|Any CPU
		{8EDED72F-A38A-4D7D-80CB-E2800B3DACAD}.Debug|Any CPU.Build.0 = Debug|Any CPU
		{8EDED72F-A38A-4D7D-80CB-E2800B3DACAD}.Release|Any CPU.ActiveCfg = Release|Any CPU
		{8EDED72F-A38A-4D7D-80CB-E2800B3DACAD}.Release|Any CPU.Build.0 = Release|Any CPU
		{41949C35-A21B-4581-A600-3A0EAE2218C1}.Debug|Any CPU.ActiveCfg = Debug|Any CPU
		{41949C35-A21B-4581-A600-3A0EAE2218C1}.Debug|Any CPU.Build.0 = Debug|Any CPU
		{41949C35-A21B-4581-A600-3A0EAE2218C1}.Release|Any CPU.ActiveCfg = Release|Any CPU
		{41949C35-A21B-4581-A600-3A0EAE2218C1}.Release|Any CPU.Build.0 = Release|Any CPU
		{8D99CA08-8031-4004-AEB0-2D0111E8E0D5}.Debug|Any CPU.ActiveCfg = Debug|Any CPU
		{8D99CA08-8031-4004-AEB0-2D0111E8E0D5}.Debug|Any CPU.Build.0 = Debug|Any CPU
		{8D99CA08-8031-4004-AEB0-2D0111E8E0D5}.Release|Any CPU.ActiveCfg = Release|Any CPU
		{8D99CA08-8031-4004-AEB0-2D0111E8E0D5}.Release|Any CPU.Build.0 = Release|Any CPU
		{4DC26D33-B65C-465F-8132-2874DC3FB45B}.Debug|Any CPU.ActiveCfg = Debug|Any CPU
		{4DC26D33-B65C-465F-8132-2874DC3FB45B}.Debug|Any CPU.Build.0 = Debug|Any CPU
		{4DC26D33-B65C-465F-8132-2874DC3FB45B}.Release|Any CPU.ActiveCfg = Release|Any CPU
		{4DC26D33-B65C-465F-8132-2874DC3FB45B}.Release|Any CPU.Build.0 = Release|Any CPU
		{D275C001-3748-40CF-8493-414DE238A14F}.Debug|Any CPU.ActiveCfg = Debug|Any CPU
		{D275C001-3748-40CF-8493-414DE238A14F}.Debug|Any CPU.Build.0 = Debug|Any CPU
		{D275C001-3748-40CF-8493-414DE238A14F}.Release|Any CPU.ActiveCfg = Release|Any CPU
		{D275C001-3748-40CF-8493-414DE238A14F}.Release|Any CPU.Build.0 = Release|Any CPU
	EndGlobalSection
	GlobalSection(NestedProjects) = preSolution
		{8EDED72F-A38A-4D7D-80CB-E2800B3DACAD} = {48717B53-8F4D-4DAE-9647-C6029DAA0007}
		{41949C35-A21B-4581-A600-3A0EAE2218C1} = {48717B53-8F4D-4DAE-9647-C6029DAA0007}
		{8D99CA08-8031-4004-AEB0-2D0111E8E0D5} = {48717B53-8F4D-4DAE-9647-C6029DAA0007}
		{4DC26D33-B65C-465F-8132-2874DC3FB45B} = {48717B53-8F4D-4DAE-9647-C6029DAA0007}
		{D275C001-3748-40CF-8493-414DE238A14F} = {48717B53-8F4D-4DAE-9647-C6029DAA0007}
	EndGlobalSection
EndGlobal
